// !$*UTF8*$!
{
	archiveVersion = 1;
	classes = {
	};
	objectVersion = 50;
	objects = {

/* Begin PBXBuildFile section */
		C134765E21889C5F00E5180E /* AppDelegate.swift in Sources */ = {isa = PBXBuildFile; fileRef = C134765D21889C5F00E5180E /* AppDelegate.swift */; };
		C134766021889C5F00E5180E /* ViewController.swift in Sources */ = {isa = PBXBuildFile; fileRef = C134765F21889C5F00E5180E /* ViewController.swift */; };
		C134766321889C5F00E5180E /* Main.storyboard in Resources */ = {isa = PBXBuildFile; fileRef = C134766121889C5F00E5180E /* Main.storyboard */; };
		C134766521889C6000E5180E /* Assets.xcassets in Resources */ = {isa = PBXBuildFile; fileRef = C134766421889C6000E5180E /* Assets.xcassets */; };
		C134766821889C6000E5180E /* LaunchScreen.storyboard in Resources */ = {isa = PBXBuildFile; fileRef = C134766621889C6000E5180E /* LaunchScreen.storyboard */; };
		C134767321889C6000E5180E /* DragDismissibleTests.swift in Sources */ = {isa = PBXBuildFile; fileRef = C134767221889C6000E5180E /* DragDismissibleTests.swift */; };
		C134767E21889C6000E5180E /* DragDismissibleUITests.swift in Sources */ = {isa = PBXBuildFile; fileRef = C134767D21889C6000E5180E /* DragDismissibleUITests.swift */; };
		C134768C21889D1A00E5180E /* ModalViewController.swift in Sources */ = {isa = PBXBuildFile; fileRef = C134768B21889D1A00E5180E /* ModalViewController.swift */; };
		C134768E21889D3100E5180E /* DismissAnimator.swift in Sources */ = {isa = PBXBuildFile; fileRef = C134768D21889D3100E5180E /* DismissAnimator.swift */; };
		C134769021889D4300E5180E /* Interactor.swift in Sources */ = {isa = PBXBuildFile; fileRef = C134768F21889D4300E5180E /* Interactor.swift */; };
/* End PBXBuildFile section */

/* Begin PBXContainerItemProxy section */
		C134766F21889C6000E5180E /* PBXContainerItemProxy */ = {
			isa = PBXContainerItemProxy;
			containerPortal = C134765221889C5F00E5180E /* Project object */;
			proxyType = 1;
			remoteGlobalIDString = C134765921889C5F00E5180E;
			remoteInfo = DragDismissible;
		};
		C134767A21889C6000E5180E /* PBXContainerItemProxy */ = {
			isa = PBXContainerItemProxy;
			containerPortal = C134765221889C5F00E5180E /* Project object */;
			proxyType = 1;
			remoteGlobalIDString = C134765921889C5F00E5180E;
			remoteInfo = DragDismissible;
		};
/* End PBXContainerItemProxy section */

/* Begin PBXFileReference section */
		C134765A21889C5F00E5180E /* DragDismissible.app */ = {isa = PBXFileReference; explicitFileType = wrapper.application; includeInIndex = 0; path = DragDismissible.app; sourceTree = BUILT_PRODUCTS_DIR; };
		C134765D21889C5F00E5180E /* AppDelegate.swift */ = {isa = PBXFileReference; lastKnownFileType = sourcecode.swift; path = AppDelegate.swift; sourceTree = "<group>"; };
		C134765F21889C5F00E5180E /* ViewController.swift */ = {isa = PBXFileReference; lastKnownFileType = sourcecode.swift; path = ViewController.swift; sourceTree = "<group>"; };
		C134766221889C5F00E5180E /* Base */ = {isa = PBXFileReference; lastKnownFileType = file.storyboard; name = Base; path = Base.lproj/Main.storyboard; sourceTree = "<group>"; };
		C134766421889C6000E5180E /* Assets.xcassets */ = {isa = PBXFileReference; lastKnownFileType = folder.assetcatalog; path = Assets.xcassets; sourceTree = "<group>"; };
		C134766721889C6000E5180E /* Base */ = {isa = PBXFileReference; lastKnownFileType = file.storyboard; name = Base; path = Base.lproj/LaunchScreen.storyboard; sourceTree = "<group>"; };
		C134766921889C6000E5180E /* Info.plist */ = {isa = PBXFileReference; lastKnownFileType = text.plist.xml; path = Info.plist; sourceTree = "<group>"; };
		C134766E21889C6000E5180E /* DragDismissibleTests.xctest */ = {isa = PBXFileReference; explicitFileType = wrapper.cfbundle; includeInIndex = 0; path = DragDismissibleTests.xctest; sourceTree = BUILT_PRODUCTS_DIR; };
		C134767221889C6000E5180E /* DragDismissibleTests.swift */ = {isa = PBXFileReference; lastKnownFileType = sourcecode.swift; path = DragDismissibleTests.swift; sourceTree = "<group>"; };
		C134767421889C6000E5180E /* Info.plist */ = {isa = PBXFileReference; lastKnownFileType = text.plist.xml; path = Info.plist; sourceTree = "<group>"; };
		C134767921889C6000E5180E /* DragDismissibleUITests.xctest */ = {isa = PBXFileReference; explicitFileType = wrapper.cfbundle; includeInIndex = 0; path = DragDismissibleUITests.xctest; sourceTree = BUILT_PRODUCTS_DIR; };
		C134767D21889C6000E5180E /* DragDismissibleUITests.swift */ = {isa = PBXFileReference; lastKnownFileType = sourcecode.swift; path = DragDismissibleUITests.swift; sourceTree = "<group>"; };
		C134767F21889C6000E5180E /* Info.plist */ = {isa = PBXFileReference; lastKnownFileType = text.plist.xml; path = Info.plist; sourceTree = "<group>"; };
		C134768B21889D1A00E5180E /* ModalViewController.swift */ = {isa = PBXFileReference; lastKnownFileType = sourcecode.swift; path = ModalViewController.swift; sourceTree = "<group>"; };
		C134768D21889D3100E5180E /* DismissAnimator.swift */ = {isa = PBXFileReference; lastKnownFileType = sourcecode.swift; path = DismissAnimator.swift; sourceTree = "<group>"; };
		C134768F21889D4300E5180E /* Interactor.swift */ = {isa = PBXFileReference; lastKnownFileType = sourcecode.swift; path = Interactor.swift; sourceTree = "<group>"; };
/* End PBXFileReference section */

/* Begin PBXFrameworksBuildPhase section */
		C134765721889C5F00E5180E /* Frameworks */ = {
			isa = PBXFrameworksBuildPhase;
			buildActionMask = 2147483647;
			files = (
			);
			runOnlyForDeploymentPostprocessing = 0;
		};
		C134766B21889C6000E5180E /* Frameworks */ = {
			isa = PBXFrameworksBuildPhase;
			buildActionMask = 2147483647;
			files = (
			);
			runOnlyForDeploymentPostprocessing = 0;
		};
		C134767621889C6000E5180E /* Frameworks */ = {
			isa = PBXFrameworksBuildPhase;
			buildActionMask = 2147483647;
			files = (
			);
			runOnlyForDeploymentPostprocessing = 0;
		};
/* End PBXFrameworksBuildPhase section */

/* Begin PBXGroup section */
		C134765121889C5F00E5180E = {
			isa = PBXGroup;
			children = (
				C134765C21889C5F00E5180E /* DragDismissible */,
				C134767121889C6000E5180E /* DragDismissibleTests */,
				C134767C21889C6000E5180E /* DragDismissibleUITests */,
				C134765B21889C5F00E5180E /* Products */,
			);
			sourceTree = "<group>";
		};
		C134765B21889C5F00E5180E /* Products */ = {
			isa = PBXGroup;
			children = (
				C134765A21889C5F00E5180E /* DragDismissible.app */,
				C134766E21889C6000E5180E /* DragDismissibleTests.xctest */,
				C134767921889C6000E5180E /* DragDismissibleUITests.xctest */,
			);
			name = Products;
			sourceTree = "<group>";
		};
		C134765C21889C5F00E5180E /* DragDismissible */ = {
			isa = PBXGroup;
			children = (
				C134765D21889C5F00E5180E /* AppDelegate.swift */,
				C134765F21889C5F00E5180E /* ViewController.swift */,
				C134768B21889D1A00E5180E /* ModalViewController.swift */,
				C134768D21889D3100E5180E /* DismissAnimator.swift */,
				C134768F21889D4300E5180E /* Interactor.swift */,
				C134766121889C5F00E5180E /* Main.storyboard */,
				C134766421889C6000E5180E /* Assets.xcassets */,
				C134766621889C6000E5180E /* LaunchScreen.storyboard */,
				C134766921889C6000E5180E /* Info.plist */,
			);
			path = DragDismissible;
			sourceTree = "<group>";
		};
		C134767121889C6000E5180E /* DragDismissibleTests */ = {
			isa = PBXGroup;
			children = (
				C134767221889C6000E5180E /* DragDismissibleTests.swift */,
				C134767421889C6000E5180E /* Info.plist */,
			);
			path = DragDismissibleTests;
			sourceTree = "<group>";
		};
		C134767C21889C6000E5180E /* DragDismissibleUITests */ = {
			isa = PBXGroup;
			children = (
				C134767D21889C6000E5180E /* DragDismissibleUITests.swift */,
				C134767F21889C6000E5180E /* Info.plist */,
			);
			path = DragDismissibleUITests;
			sourceTree = "<group>";
		};
/* End PBXGroup section */

/* Begin PBXNativeTarget section */
		C134765921889C5F00E5180E /* DragDismissible */ = {
			isa = PBXNativeTarget;
			buildConfigurationList = C134768221889C6000E5180E /* Build configuration list for PBXNativeTarget "DragDismissible" */;
			buildPhases = (
				C134765621889C5F00E5180E /* Sources */,
				C134765721889C5F00E5180E /* Frameworks */,
				C134765821889C5F00E5180E /* Resources */,
			);
			buildRules = (
			);
			dependencies = (
			);
			name = DragDismissible;
			productName = DragDismissible;
			productReference = C134765A21889C5F00E5180E /* DragDismissible.app */;
			productType = "com.apple.product-type.application";
		};
		C134766D21889C6000E5180E /* DragDismissibleTests */ = {
			isa = PBXNativeTarget;
			buildConfigurationList = C134768521889C6000E5180E /* Build configuration list for PBXNativeTarget "DragDismissibleTests" */;
			buildPhases = (
				C134766A21889C6000E5180E /* Sources */,
				C134766B21889C6000E5180E /* Frameworks */,
				C134766C21889C6000E5180E /* Resources */,
			);
			buildRules = (
			);
			dependencies = (
				C134767021889C6000E5180E /* PBXTargetDependency */,
			);
			name = DragDismissibleTests;
			productName = DragDismissibleTests;
			productReference = C134766E21889C6000E5180E /* DragDismissibleTests.xctest */;
			productType = "com.apple.product-type.bundle.unit-test";
		};
		C134767821889C6000E5180E /* DragDismissibleUITests */ = {
			isa = PBXNativeTarget;
			buildConfigurationList = C134768821889C6000E5180E /* Build configuration list for PBXNativeTarget "DragDismissibleUITests" */;
			buildPhases = (
				C134767521889C6000E5180E /* Sources */,
				C134767621889C6000E5180E /* Frameworks */,
				C134767721889C6000E5180E /* Resources */,
			);
			buildRules = (
			);
			dependencies = (
				C134767B21889C6000E5180E /* PBXTargetDependency */,
			);
			name = DragDismissibleUITests;
			productName = DragDismissibleUITests;
			productReference = C134767921889C6000E5180E /* DragDismissibleUITests.xctest */;
			productType = "com.apple.product-type.bundle.ui-testing";
		};
/* End PBXNativeTarget section */

/* Begin PBXProject section */
		C134765221889C5F00E5180E /* Project object */ = {
			isa = PBXProject;
			attributes = {
				LastSwiftUpdateCheck = 1000;
				LastUpgradeCheck = 1000;
				ORGANIZATIONNAME = seongho;
				TargetAttributes = {
					C134765921889C5F00E5180E = {
						CreatedOnToolsVersion = 10.0;
					};
					C134766D21889C6000E5180E = {
						CreatedOnToolsVersion = 10.0;
						TestTargetID = C134765921889C5F00E5180E;
					};
					C134767821889C6000E5180E = {
						CreatedOnToolsVersion = 10.0;
						TestTargetID = C134765921889C5F00E5180E;
					};
				};
			};
			buildConfigurationList = C134765521889C5F00E5180E /* Build configuration list for PBXProject "DragDismissible" */;
			compatibilityVersion = "Xcode 9.3";
			developmentRegion = en;
			hasScannedForEncodings = 0;
			knownRegions = (
				en,
				Base,
			);
			mainGroup = C134765121889C5F00E5180E;
			productRefGroup = C134765B21889C5F00E5180E /* Products */;
			projectDirPath = "";
			projectRoot = "";
			targets = (
				C134765921889C5F00E5180E /* DragDismissible */,
				C134766D21889C6000E5180E /* DragDismissibleTests */,
				C134767821889C6000E5180E /* DragDismissibleUITests */,
			);
		};
/* End PBXProject section */

/* Begin PBXResourcesBuildPhase section */
		C134765821889C5F00E5180E /* Resources */ = {
			isa = PBXResourcesBuildPhase;
			buildActionMask = 2147483647;
			files = (
				C134766821889C6000E5180E /* LaunchScreen.storyboard in Resources */,
				C134766521889C6000E5180E /* Assets.xcassets in Resources */,
				C134766321889C5F00E5180E /* Main.storyboard in Resources */,
			);
			runOnlyForDeploymentPostprocessing = 0;
		};
		C134766C21889C6000E5180E /* Resources */ = {
			isa = PBXResourcesBuildPhase;
			buildActionMask = 2147483647;
			files = (
			);
			runOnlyForDeploymentPostprocessing = 0;
		};
		C134767721889C6000E5180E /* Resources */ = {
			isa = PBXResourcesBuildPhase;
			buildActionMask = 2147483647;
			files = (
			);
			runOnlyForDeploymentPostprocessing = 0;
		};
/* End PBXResourcesBuildPhase section */

/* Begin PBXSourcesBuildPhase section */
		C134765621889C5F00E5180E /* Sources */ = {
			isa = PBXSourcesBuildPhase;
			buildActionMask = 2147483647;
			files = (
				C134766021889C5F00E5180E /* ViewController.swift in Sources */,
				C134768C21889D1A00E5180E /* ModalViewController.swift in Sources */,
				C134769021889D4300E5180E /* Interactor.swift in Sources */,
				C134765E21889C5F00E5180E /* AppDelegate.swift in Sources */,
				C134768E21889D3100E5180E /* DismissAnimator.swift in Sources */,
			);
			runOnlyForDeploymentPostprocessing = 0;
		};
		C134766A21889C6000E5180E /* Sources */ = {
			isa = PBXSourcesBuildPhase;
			buildActionMask = 2147483647;
			files = (
				C134767321889C6000E5180E /* DragDismissibleTests.swift in Sources */,
			);
			runOnlyForDeploymentPostprocessing = 0;
		};
		C134767521889C6000E5180E /* Sources */ = {
			isa = PBXSourcesBuildPhase;
			buildActionMask = 2147483647;
			files = (
				C134767E21889C6000E5180E /* DragDismissibleUITests.swift in Sources */,
			);
			runOnlyForDeploymentPostprocessing = 0;
		};
/* End PBXSourcesBuildPhase section */

/* Begin PBXTargetDependency section */
		C134767021889C6000E5180E /* PBXTargetDependency */ = {
			isa = PBXTargetDependency;
			target = C134765921889C5F00E5180E /* DragDismissible */;
			targetProxy = C134766F21889C6000E5180E /* PBXContainerItemProxy */;
		};
		C134767B21889C6000E5180E /* PBXTargetDependency */ = {
			isa = PBXTargetDependency;
			target = C134765921889C5F00E5180E /* DragDismissible */;
			targetProxy = C134767A21889C6000E5180E /* PBXContainerItemProxy */;
		};
/* End PBXTargetDependency section */

/* Begin PBXVariantGroup section */
		C134766121889C5F00E5180E /* Main.storyboard */ = {
			isa = PBXVariantGroup;
			children = (
				C134766221889C5F00E5180E /* Base */,
			);
			name = Main.storyboard;
			sourceTree = "<group>";
		};
		C134766621889C6000E5180E /* LaunchScreen.storyboard */ = {
			isa = PBXVariantGroup;
			children = (
				C134766721889C6000E5180E /* Base */,
			);
			name = LaunchScreen.storyboard;
			sourceTree = "<group>";
		};
/* End PBXVariantGroup section */

/* Begin XCBuildConfiguration section */
		C134768021889C6000E5180E /* Debug */ = {
			isa = XCBuildConfiguration;
			buildSettings = {
				ALWAYS_SEARCH_USER_PATHS = NO;
				CLANG_ANALYZER_NONNULL = YES;
				CLANG_ANALYZER_NUMBER_OBJECT_CONVERSION = YES_AGGRESSIVE;
				CLANG_CXX_LANGUAGE_STANDARD = "gnu++14";
				CLANG_CXX_LIBRARY = "libc++";
				CLANG_ENABLE_MODULES = YES;
				CLANG_ENABLE_OBJC_ARC = YES;
				CLANG_ENABLE_OBJC_WEAK = YES;
				CLANG_WARN_BLOCK_CAPTURE_AUTORELEASING = YES;
				CLANG_WARN_BOOL_CONVERSION = YES;
				CLANG_WARN_COMMA = YES;
				CLANG_WARN_CONSTANT_CONVERSION = YES;
				CLANG_WARN_DEPRECATED_OBJC_IMPLEMENTATIONS = YES;
				CLANG_WARN_DIRECT_OBJC_ISA_USAGE = YES_ERROR;
				CLANG_WARN_DOCUMENTATION_COMMENTS = YES;
				CLANG_WARN_EMPTY_BODY = YES;
				CLANG_WARN_ENUM_CONVERSION = YES;
				CLANG_WARN_INFINITE_RECURSION = YES;
				CLANG_WARN_INT_CONVERSION = YES;
				CLANG_WARN_NON_LITERAL_NULL_CONVERSION = YES;
				CLANG_WARN_OBJC_IMPLICIT_RETAIN_SELF = YES;
				CLANG_WARN_OBJC_LITERAL_CONVERSION = YES;
				CLANG_WARN_OBJC_ROOT_CLASS = YES_ERROR;
				CLANG_WARN_RANGE_LOOP_ANALYSIS = YES;
				CLANG_WARN_STRICT_PROTOTYPES = YES;
				CLANG_WARN_SUSPICIOUS_MOVE = YES;
				CLANG_WARN_UNGUARDED_AVAILABILITY = YES_AGGRESSIVE;
				CLANG_WARN_UNREACHABLE_CODE = YES;
				CLANG_WARN__DUPLICATE_METHOD_MATCH = YES;
				CODE_SIGN_IDENTITY = "iPhone Developer";
				COPY_PHASE_STRIP = NO;
				DEBUG_INFORMATION_FORMAT = dwarf;
				ENABLE_STRICT_OBJC_MSGSEND = YES;
				ENABLE_TESTABILITY = YES;
				GCC_C_LANGUAGE_STANDARD = gnu11;
				GCC_DYNAMIC_NO_PIC = NO;
				GCC_NO_COMMON_BLOCKS = YES;
				GCC_OPTIMIZATION_LEVEL = 0;
				GCC_PREPROCESSOR_DEFINITIONS = (
					"DEBUG=1",
					"$(inherited)",
				);
				GCC_WARN_64_TO_32_BIT_CONVERSION = YES;
				GCC_WARN_ABOUT_RETURN_TYPE = YES_ERROR;
				GCC_WARN_UNDECLARED_SELECTOR = YES;
				GCC_WARN_UNINITIALIZED_AUTOS = YES_AGGRESSIVE;
				GCC_WARN_UNUSED_FUNCTION = YES;
				GCC_WARN_UNUSED_VARIABLE = YES;
				IPHONEOS_DEPLOYMENT_TARGET = 12.0;
				MTL_ENABLE_DEBUG_INFO = INCLUDE_SOURCE;
				MTL_FAST_MATH = YES;
				ONLY_ACTIVE_ARCH = YES;
				SDKROOT = iphoneos;
				SWIFT_ACTIVE_COMPILATION_CONDITIONS = DEBUG;
				SWIFT_OPTIMIZATION_LEVEL = "-Onone";
			};
			name = Debug;
		};
		C134768121889C6000E5180E /* Release */ = {
			isa = XCBuildConfiguration;
			buildSettings = {
				ALWAYS_SEARCH_USER_PATHS = NO;
				CLANG_ANALYZER_NONNULL = YES;
				CLANG_ANALYZER_NUMBER_OBJECT_CONVERSION = YES_AGGRESSIVE;
				CLANG_CXX_LANGUAGE_STANDARD = "gnu++14";
				CLANG_CXX_LIBRARY = "libc++";
				CLANG_ENABLE_MODULES = YES;
				CLANG_ENABLE_OBJC_ARC = YES;
				CLANG_ENABLE_OBJC_WEAK = YES;
				CLANG_WARN_BLOCK_CAPTURE_AUTORELEASING = YES;
				CLANG_WARN_BOOL_CONVERSION = YES;
				CLANG_WARN_COMMA = YES;
				CLANG_WARN_CONSTANT_CONVERSION = YES;
				CLANG_WARN_DEPRECATED_OBJC_IMPLEMENTATIONS = YES;
				CLANG_WARN_DIRECT_OBJC_ISA_USAGE = YES_ERROR;
				CLANG_WARN_DOCUMENTATION_COMMENTS = YES;
				CLANG_WARN_EMPTY_BODY = YES;
				CLANG_WARN_ENUM_CONVERSION = YES;
				CLANG_WARN_INFINITE_RECURSION = YES;
				CLANG_WARN_INT_CONVERSION = YES;
				CLANG_WARN_NON_LITERAL_NULL_CONVERSION = YES;
				CLANG_WARN_OBJC_IMPLICIT_RETAIN_SELF = YES;
				CLANG_WARN_OBJC_LITERAL_CONVERSION = YES;
				CLANG_WARN_OBJC_ROOT_CLASS = YES_ERROR;
				CLANG_WARN_RANGE_LOOP_ANALYSIS = YES;
				CLANG_WARN_STRICT_PROTOTYPES = YES;
				CLANG_WARN_SUSPICIOUS_MOVE = YES;
				CLANG_WARN_UNGUARDED_AVAILABILITY = YES_AGGRESSIVE;
				CLANG_WARN_UNREACHABLE_CODE = YES;
				CLANG_WARN__DUPLICATE_METHOD_MATCH = YES;
				CODE_SIGN_IDENTITY = "iPhone Developer";
				COPY_PHASE_STRIP = NO;
				DEBUG_INFORMATION_FORMAT = "dwarf-with-dsym";
				ENABLE_NS_ASSERTIONS = NO;
				ENABLE_STRICT_OBJC_MSGSEND = YES;
				GCC_C_LANGUAGE_STANDARD = gnu11;
				GCC_NO_COMMON_BLOCKS = YES;
				GCC_WARN_64_TO_32_BIT_CONVERSION = YES;
				GCC_WARN_ABOUT_RETURN_TYPE = YES_ERROR;
				GCC_WARN_UNDECLARED_SELECTOR = YES;
				GCC_WARN_UNINITIALIZED_AUTOS = YES_AGGRESSIVE;
				GCC_WARN_UNUSED_FUNCTION = YES;
				GCC_WARN_UNUSED_VARIABLE = YES;
				IPHONEOS_DEPLOYMENT_TARGET = 12.0;
				MTL_ENABLE_DEBUG_INFO = NO;
				MTL_FAST_MATH = YES;
				SDKROOT = iphoneos;
				SWIFT_COMPILATION_MODE = wholemodule;
				SWIFT_OPTIMIZATION_LEVEL = "-O";
				VALIDATE_PRODUCT = YES;
			};
			name = Release;
		};
		C134768321889C6000E5180E /* Debug */ = {
			isa = XCBuildConfiguration;
			buildSettings = {
				ASSETCATALOG_COMPILER_APPICON_NAME = AppIcon;
				CODE_SIGN_STYLE = Automatic;
				DEVELOPMENT_TEAM = T5T6697UB7;
				INFOPLIST_FILE = DragDismissible/Info.plist;
				LD_RUNPATH_SEARCH_PATHS = (
					"$(inherited)",
					"@executable_path/Frameworks",
				);
				PRODUCT_BUNDLE_IDENTIFIER = com.cozzin.DragDismissible;
				PRODUCT_NAME = "$(TARGET_NAME)";
				SWIFT_VERSION = 4.2;
				TARGETED_DEVICE_FAMILY = "1,2";
			};
			name = Debug;
		};
		C134768421889C6000E5180E /* Release */ = {
			isa = XCBuildConfiguration;
			buildSettings = {
				ASSETCATALOG_COMPILER_APPICON_NAME = AppIcon;
				CODE_SIGN_STYLE = Automatic;
				DEVELOPMENT_TEAM = T5T6697UB7;
				INFOPLIST_FILE = DragDismissible/Info.plist;
				LD_RUNPATH_SEARCH_PATHS = (
					"$(inherited)",
					"@executable_path/Frameworks",
				);
				PRODUCT_BUNDLE_IDENTIFIER = com.cozzin.DragDismissible;
				PRODUCT_NAME = "$(TARGET_NAME)";
				SWIFT_VERSION = 4.2;
				TARGETED_DEVICE_FAMILY = "1,2";
			};
			name = Release;
		};
		C134768621889C6000E5180E /* Debug */ = {
			isa = XCBuildConfiguration;
			buildSettings = {
				ALWAYS_EMBED_SWIFT_STANDARD_LIBRARIES = YES;
				BUNDLE_LOADER = "$(TEST_HOST)";
				CODE_SIGN_STYLE = Automatic;
				DEVELOPMENT_TEAM = T5T6697UB7;
				INFOPLIST_FILE = DragDismissibleTests/Info.plist;
				LD_RUNPATH_SEARCH_PATHS = (
					"$(inherited)",
					"@executable_path/Frameworks",
					"@loader_path/Frameworks",
				);
				PRODUCT_BUNDLE_IDENTIFIER = com.cozzin.DragDismissibleTests;
				PRODUCT_NAME = "$(TARGET_NAME)";
				SWIFT_VERSION = 4.2;
				TARGETED_DEVICE_FAMILY = "1,2";
				TEST_HOST = "$(BUILT_PRODUCTS_DIR)/DragDismissible.app/DragDismissible";
			};
			name = Debug;
		};
		C134768721889C6000E5180E /* Release */ = {
			isa = XCBuildConfiguration;
			buildSettings = {
				ALWAYS_EMBED_SWIFT_STANDARD_LIBRARIES = YES;
				BUNDLE_LOADER = "$(TEST_HOST)";
				CODE_SIGN_STYLE = Automatic;
				DEVELOPMENT_TEAM = T5T6697UB7;
				INFOPLIST_FILE = DragDismissibleTests/Info.plist;
				LD_RUNPATH_SEARCH_PATHS = (
					"$(inherited)",
					"@executable_path/Frameworks",
					"@loader_path/Frameworks",
				);
				PRODUCT_BUNDLE_IDENTIFIER = com.cozzin.DragDismissibleTests;
				PRODUCT_NAME = "$(TARGET_NAME)";
				SWIFT_VERSION = 4.2;
				TARGETED_DEVICE_FAMILY = "1,2";
				TEST_HOST = "$(BUILT_PRODUCTS_DIR)/DragDismissible.app/DragDismissible";
			};
			name = Release;
		};
		C134768921889C6000E5180E /* Debug */ = {
			isa = XCBuildConfiguration;
			buildSettings = {
				ALWAYS_EMBED_SWIFT_STANDARD_LIBRARIES = YES;
				CODE_SIGN_STYLE = Automatic;
				DEVELOPMENT_TEAM = T5T6697UB7;
				INFOPLIST_FILE = DragDismissibleUITests/Info.plist;
				LD_RUNPATH_SEARCH_PATHS = (
					"$(inherited)",
					"@executable_path/Frameworks",
					"@loader_path/Frameworks",
				);
				PRODUCT_BUNDLE_IDENTIFIER = com.cozzin.DragDismissibleUITests;
				PRODUCT_NAME = "$(TARGET_NAME)";
				SWIFT_VERSION = 4.2;
				TARGETED_DEVICE_FAMILY = "1,2";
				TEST_TARGET_NAME = DragDismissible;
			};
			name = Debug;
		};
		C134768A21889C6000E5180E /* Release */ = {
			isa = XCBuildConfiguration;
			buildSettings = {
				ALWAYS_EMBED_SWIFT_STANDARD_LIBRARIES = YES;
				CODE_SIGN_STYLE = Automatic;
				DEVELOPMENT_TEAM = T5T6697UB7;
				INFOPLIST_FILE = DragDismissibleUITests/Info.plist;
				LD_RUNPATH_SEARCH_PATHS = (
					"$(inherited)",
					"@executable_path/Frameworks",
					"@loader_path/Frameworks",
				);
				PRODUCT_BUNDLE_IDENTIFIER = com.cozzin.DragDismissibleUITests;
				PRODUCT_NAME = "$(TARGET_NAME)";
				SWIFT_VERSION = 4.2;
				TARGETED_DEVICE_FAMILY = "1,2";
				TEST_TARGET_NAME = DragDismissible;
			};
			name = Release;
		};
/* End XCBuildConfiguration section */

/* Begin XCConfigurationList section */
		C134765521889C5F00E5180E /* Build configuration list for PBXProject "DragDismissible" */ = {
			isa = XCConfigurationList;
			buildConfigurations = (
				C134768021889C6000E5180E /* Debug */,
				C134768121889C6000E5180E /* Release */,
			);
			defaultConfigurationIsVisible = 0;
			defaultConfigurationName = Release;
		};
		C134768221889C6000E5180E /* Build configuration list for PBXNativeTarget "DragDismissible" */ = {
			isa = XCConfigurationList;
			buildConfigurations = (
				C134768321889C6000E5180E /* Debug */,
				C134768421889C6000E5180E /* Release */,
			);
			defaultConfigurationIsVisible = 0;
			defaultConfigurationName = Release;
		};
		C134768521889C6000E5180E /* Build configuration list for PBXNativeTarget "DragDismissibleTests" */ = {
			isa = XCConfigurationList;
			buildConfigurations = (
				C134768621889C6000E5180E /* Debug */,
				C134768721889C6000E5180E /* Release */,
			);
			defaultConfigurationIsVisible = 0;
			defaultConfigurationName = Release;
		};
		C134768821889C6000E5180E /* Build configuration list for PBXNativeTarget "DragDismissibleUITests" */ = {
			isa = XCConfigurationList;
			buildConfigurations = (
				C134768921889C6000E5180E /* Debug */,
				C134768A21889C6000E5180E /* Release */,
			);
			defaultConfigurationIsVisible = 0;
			defaultConfigurationName = Release;
		};
/* End XCConfigurationList section */
	};
	rootObject = C134765221889C5F00E5180E /* Project object */;
}
